// !$*UTF8*$!
{
	archiveVersion = 1;
	classes = {
	};
	objectVersion = 50;
	objects = {

/* Begin PBXBuildFile section */
		4A9E045DA80E2C717178C08F /* Pods_Smart_weather.framework in Frameworks */ = {isa = PBXBuildFile; fileRef = 3C949CAF90F43CE703DBFA75 /* Pods_Smart_weather.framework */; };
		CEC0AE03243F2922007EBC5B /* AppDelegate.swift in Sources */ = {isa = PBXBuildFile; fileRef = CEC0AE02243F2922007EBC5B /* AppDelegate.swift */; };
		CEC0AE05243F2922007EBC5B /* SceneDelegate.swift in Sources */ = {isa = PBXBuildFile; fileRef = CEC0AE04243F2922007EBC5B /* SceneDelegate.swift */; };
		CEC0AE07243F2922007EBC5B /* ViewController.swift in Sources */ = {isa = PBXBuildFile; fileRef = CEC0AE06243F2922007EBC5B /* ViewController.swift */; };
		CEC0AE0A243F2922007EBC5B /* Main.storyboard in Resources */ = {isa = PBXBuildFile; fileRef = CEC0AE08243F2922007EBC5B /* Main.storyboard */; };
		CEC0AE0C243F2927007EBC5B /* Assets.xcassets in Resources */ = {isa = PBXBuildFile; fileRef = CEC0AE0B243F2927007EBC5B /* Assets.xcassets */; };
		CEC0AE0F243F2927007EBC5B /* LaunchScreen.storyboard in Resources */ = {isa = PBXBuildFile; fileRef = CEC0AE0D243F2927007EBC5B /* LaunchScreen.storyboard */; };
		CEC0AE17243F2F9B007EBC5B /* WeatherViewController.swift in Sources */ = {isa = PBXBuildFile; fileRef = CEC0AE16243F2F9B007EBC5B /* WeatherViewController.swift */; };
/* End PBXBuildFile section */

/* Begin PBXFileReference section */
		275922B95BDB9A1FABE6B35E /* Pods-Smart_weather.release.xcconfig */ = {isa = PBXFileReference; includeInIndex = 1; lastKnownFileType = text.xcconfig; name = "Pods-Smart_weather.release.xcconfig"; path = "Target Support Files/Pods-Smart_weather/Pods-Smart_weather.release.xcconfig"; sourceTree = "<group>"; };
		3C949CAF90F43CE703DBFA75 /* Pods_Smart_weather.framework */ = {isa = PBXFileReference; explicitFileType = wrapper.framework; includeInIndex = 0; path = Pods_Smart_weather.framework; sourceTree = BUILT_PRODUCTS_DIR; };
		5C79F5DBE4009A727C5DF4E5 /* Pods-Smart_weather.debug.xcconfig */ = {isa = PBXFileReference; includeInIndex = 1; lastKnownFileType = text.xcconfig; name = "Pods-Smart_weather.debug.xcconfig"; path = "Target Support Files/Pods-Smart_weather/Pods-Smart_weather.debug.xcconfig"; sourceTree = "<group>"; };
		CEC0ADFF243F2922007EBC5B /* Smart_weather.app */ = {isa = PBXFileReference; explicitFileType = wrapper.application; includeInIndex = 0; path = Smart_weather.app; sourceTree = BUILT_PRODUCTS_DIR; };
		CEC0AE02243F2922007EBC5B /* AppDelegate.swift */ = {isa = PBXFileReference; lastKnownFileType = sourcecode.swift; path = AppDelegate.swift; sourceTree = "<group>"; };
		CEC0AE04243F2922007EBC5B /* SceneDelegate.swift */ = {isa = PBXFileReference; lastKnownFileType = sourcecode.swift; path = SceneDelegate.swift; sourceTree = "<group>"; };
		CEC0AE06243F2922007EBC5B /* ViewController.swift */ = {isa = PBXFileReference; lastKnownFileType = sourcecode.swift; path = ViewController.swift; sourceTree = "<group>"; };
		CEC0AE09243F2922007EBC5B /* Base */ = {isa = PBXFileReference; lastKnownFileType = file.storyboard; name = Base; path = Base.lproj/Main.storyboard; sourceTree = "<group>"; };
		CEC0AE0B243F2927007EBC5B /* Assets.xcassets */ = {isa = PBXFileReference; lastKnownFileType = folder.assetcatalog; path = Assets.xcassets; sourceTree = "<group>"; };
		CEC0AE0E243F2927007EBC5B /* Base */ = {isa = PBXFileReference; lastKnownFileType = file.storyboard; name = Base; path = Base.lproj/LaunchScreen.storyboard; sourceTree = "<group>"; };
		CEC0AE10243F2927007EBC5B /* Info.plist */ = {isa = PBXFileReference; lastKnownFileType = text.plist.xml; path = Info.plist; sourceTree = "<group>"; };
		CEC0AE16243F2F9B007EBC5B /* WeatherViewController.swift */ = {isa = PBXFileReference; lastKnownFileType = sourcecode.swift; path = WeatherViewController.swift; sourceTree = "<group>"; };
/* End PBXFileReference section */

/* Begin PBXFrameworksBuildPhase section */
		CEC0ADFC243F2922007EBC5B /* Frameworks */ = {
			isa = PBXFrameworksBuildPhase;
			buildActionMask = 2147483647;
			files = (
				4A9E045DA80E2C717178C08F /* Pods_Smart_weather.framework in Frameworks */,
			);
			runOnlyForDeploymentPostprocessing = 0;
		};
/* End PBXFrameworksBuildPhase section */

/* Begin PBXGroup section */
		1902C4F3ECCA667F9FC8E7E2 /* Pods */ = {
			isa = PBXGroup;
			children = (
				5C79F5DBE4009A727C5DF4E5 /* Pods-Smart_weather.debug.xcconfig */,
				275922B95BDB9A1FABE6B35E /* Pods-Smart_weather.release.xcconfig */,
			);
			name = Pods;
			path = Pods;
			sourceTree = "<group>";
		};
		CC8FD7F4B8DB56BAA4CCAC9F /* Frameworks */ = {
			isa = PBXGroup;
			children = (
				3C949CAF90F43CE703DBFA75 /* Pods_Smart_weather.framework */,
			);
			name = Frameworks;
			sourceTree = "<group>";
		};
		CEC0ADF6243F2922007EBC5B = {
			isa = PBXGroup;
			children = (
				CEC0AE01243F2922007EBC5B /* Smart_weather */,
				CEC0AE00243F2922007EBC5B /* Products */,
				1902C4F3ECCA667F9FC8E7E2 /* Pods */,
				CC8FD7F4B8DB56BAA4CCAC9F /* Frameworks */,
			);
			sourceTree = "<group>";
		};
		CEC0AE00243F2922007EBC5B /* Products */ = {
			isa = PBXGroup;
			children = (
				CEC0ADFF243F2922007EBC5B /* Smart_weather.app */,
			);
			name = Products;
			sourceTree = "<group>";
		};
		CEC0AE01243F2922007EBC5B /* Smart_weather */ = {
			isa = PBXGroup;
			children = (
				CEC0AE02243F2922007EBC5B /* AppDelegate.swift */,
				CEC0AE04243F2922007EBC5B /* SceneDelegate.swift */,
				CEC0AE06243F2922007EBC5B /* ViewController.swift */,
				CEC0AE16243F2F9B007EBC5B /* WeatherViewController.swift */,
				CEC0AE08243F2922007EBC5B /* Main.storyboard */,
				CEC0AE0B243F2927007EBC5B /* Assets.xcassets */,
				CEC0AE0D243F2927007EBC5B /* LaunchScreen.storyboard */,
				CEC0AE10243F2927007EBC5B /* Info.plist */,
			);
			path = Smart_weather;
			sourceTree = "<group>";
		};
/* End PBXGroup section */

/* Begin PBXNativeTarget section */
		CEC0ADFE243F2922007EBC5B /* Smart_weather */ = {
			isa = PBXNativeTarget;
			buildConfigurationList = CEC0AE13243F2927007EBC5B /* Build configuration list for PBXNativeTarget "Smart_weather" */;
			buildPhases = (
				5FFDB409DDE14934F8A15C92 /* [CP] Check Pods Manifest.lock */,
				CEC0ADFB243F2922007EBC5B /* Sources */,
				CEC0ADFC243F2922007EBC5B /* Frameworks */,
				CEC0ADFD243F2922007EBC5B /* Resources */,
				86E24FB03EC5ED3000F8C45F /* [CP] Embed Pods Frameworks */,
			);
			buildRules = (
			);
			dependencies = (
			);
			name = Smart_weather;
			productName = Smart_weather;
			productReference = CEC0ADFF243F2922007EBC5B /* Smart_weather.app */;
			productType = "com.apple.product-type.application";
		};
/* End PBXNativeTarget section */

/* Begin PBXProject section */
		CEC0ADF7243F2922007EBC5B /* Project object */ = {
			isa = PBXProject;
			attributes = {
				LastSwiftUpdateCheck = 1120;
				LastUpgradeCheck = 1120;
				ORGANIZATIONNAME = Melkozavr;
				TargetAttributes = {
					CEC0ADFE243F2922007EBC5B = {
						CreatedOnToolsVersion = 11.2.1;
					};
				};
			};
			buildConfigurationList = CEC0ADFA243F2922007EBC5B /* Build configuration list for PBXProject "Smart_weather" */;
			compatibilityVersion = "Xcode 9.3";
			developmentRegion = en;
			hasScannedForEncodings = 0;
			knownRegions = (
				en,
				Base,
			);
			mainGroup = CEC0ADF6243F2922007EBC5B;
			productRefGroup = CEC0AE00243F2922007EBC5B /* Products */;
			projectDirPath = "";
			projectRoot = "";
			targets = (
				CEC0ADFE243F2922007EBC5B /* Smart_weather */,
			);
		};
/* End PBXProject section */

/* Begin PBXResourcesBuildPhase section */
		CEC0ADFD243F2922007EBC5B /* Resources */ = {
			isa = PBXResourcesBuildPhase;
			buildActionMask = 2147483647;
			files = (
				CEC0AE0F243F2927007EBC5B /* LaunchScreen.storyboard in Resources */,
				CEC0AE0C243F2927007EBC5B /* Assets.xcassets in Resources */,
				CEC0AE0A243F2922007EBC5B /* Main.storyboard in Resources */,
			);
			runOnlyForDeploymentPostprocessing = 0;
		};
/* End PBXResourcesBuildPhase section */

/* Begin PBXShellScriptBuildPhase section */
		5FFDB409DDE14934F8A15C92 /* [CP] Check Pods Manifest.lock */ = {
			isa = PBXShellScriptBuildPhase;
			buildActionMask = 2147483647;
			files = (
			);
			inputFileListPaths = (
			);
			inputPaths = (
				"${PODS_PODFILE_DIR_PATH}/Podfile.lock",
				"${PODS_ROOT}/Manifest.lock",
			);
			name = "[CP] Check Pods Manifest.lock";
			outputFileListPaths = (
			);
			outputPaths = (
				"$(DERIVED_FILE_DIR)/Pods-Smart_weather-checkManifestLockResult.txt",
			);
			runOnlyForDeploymentPostprocessing = 0;
			shellPath = /bin/sh;
			shellScript = "diff \"${PODS_PODFILE_DIR_PATH}/Podfile.lock\" \"${PODS_ROOT}/Manifest.lock\" > /dev/null\nif [ $? != 0 ] ; then\n    # print error to STDERR\n    echo \"error: The sandbox is not in sync with the Podfile.lock. Run 'pod install' or update your CocoaPods installation.\" >&2\n    exit 1\nfi\n# This output is used by Xcode 'outputs' to avoid re-running this script phase.\necho \"SUCCESS\" > \"${SCRIPT_OUTPUT_FILE_0}\"\n";
			showEnvVarsInLog = 0;
		};
		86E24FB03EC5ED3000F8C45F /* [CP] Embed Pods Frameworks */ = {
			isa = PBXShellScriptBuildPhase;
			buildActionMask = 2147483647;
			files = (
			);
			inputFileListPaths = (
				"${PODS_ROOT}/Target Support Files/Pods-Smart_weather/Pods-Smart_weather-frameworks-${CONFIGURATION}-input-files.xcfilelist",
			);
			name = "[CP] Embed Pods Frameworks";
			outputFileListPaths = (
				"${PODS_ROOT}/Target Support Files/Pods-Smart_weather/Pods-Smart_weather-frameworks-${CONFIGURATION}-output-files.xcfilelist",
			);
			runOnlyForDeploymentPostprocessing = 0;
			shellPath = /bin/sh;
			shellScript = "\"${PODS_ROOT}/Target Support Files/Pods-Smart_weather/Pods-Smart_weather-frameworks.sh\"\n";
			showEnvVarsInLog = 0;
		};
/* End PBXShellScriptBuildPhase section */

/* Begin PBXSourcesBuildPhase section */
		CEC0ADFB243F2922007EBC5B /* Sources */ = {
			isa = PBXSourcesBuildPhase;
			buildActionMask = 2147483647;
			files = (
				CEC0AE07243F2922007EBC5B /* ViewController.swift in Sources */,
				CEC0AE17243F2F9B007EBC5B /* WeatherViewController.swift in Sources */,
				CEC0AE03243F2922007EBC5B /* AppDelegate.swift in Sources */,
				CEC0AE05243F2922007EBC5B /* SceneDelegate.swift in Sources */,
			);
			runOnlyForDeploymentPostprocessing = 0;
		};
/* End PBXSourcesBuildPhase section */

/* Begin PBXVariantGroup section */
		CEC0AE08243F2922007EBC5B /* Main.storyboard */ = {
			isa = PBXVariantGroup;
			children = (
				CEC0AE09243F2922007EBC5B /* Base */,
			);
			name = Main.storyboard;
			sourceTree = "<group>";
		};
		CEC0AE0D243F2927007EBC5B /* LaunchScreen.storyboard */ = {
			isa = PBXVariantGroup;
			children = (
				CEC0AE0E243F2927007EBC5B /* Base */,
			);
			name = LaunchScreen.storyboard;
			sourceTree = "<group>";
		};
/* End PBXVariantGroup section */

/* Begin XCBuildConfiguration section */
		CEC0AE11243F2927007EBC5B /* Debug */ = {
			isa = XCBuildConfiguration;
			buildSettings = {
				ALWAYS_SEARCH_USER_PATHS = NO;
				CLANG_ANALYZER_NONNULL = YES;
				CLANG_ANALYZER_NUMBER_OBJECT_CONVERSION = YES_AGGRESSIVE;
				CLANG_CXX_LANGUAGE_STANDARD = "gnu++14";
				CLANG_CXX_LIBRARY = "libc++";
				CLANG_ENABLE_MODULES = YES;
				CLANG_ENABLE_OBJC_ARC = YES;
				CLANG_ENABLE_OBJC_WEAK = YES;
				CLANG_WARN_BLOCK_CAPTURE_AUTORELEASING = YES;
				CLANG_WARN_BOOL_CONVERSION = YES;
				CLANG_WARN_COMMA = YES;
				CLANG_WARN_CONSTANT_CONVERSION = YES;
				CLANG_WARN_DEPRECATED_OBJC_IMPLEMENTATIONS = YES;
				CLANG_WARN_DIRECT_OBJC_ISA_USAGE = YES_ERROR;
				CLANG_WARN_DOCUMENTATION_COMMENTS = YES;
				CLANG_WARN_EMPTY_BODY = YES;
				CLANG_WARN_ENUM_CONVERSION = YES;
				CLANG_WARN_INFINITE_RECURSION = YES;
				CLANG_WARN_INT_CONVERSION = YES;
				CLANG_WARN_NON_LITERAL_NULL_CONVERSION = YES;
				CLANG_WARN_OBJC_IMPLICIT_RETAIN_SELF = YES;
				CLANG_WARN_OBJC_LITERAL_CONVERSION = YES;
				CLANG_WARN_OBJC_ROOT_CLASS = YES_ERROR;
				CLANG_WARN_RANGE_LOOP_ANALYSIS = YES;
				CLANG_WARN_STRICT_PROTOTYPES = YES;
				CLANG_WARN_SUSPICIOUS_MOVE = YES;
				CLANG_WARN_UNGUARDED_AVAILABILITY = YES_AGGRESSIVE;
				CLANG_WARN_UNREACHABLE_CODE = YES;
				CLANG_WARN__DUPLICATE_METHOD_MATCH = YES;
				COPY_PHASE_STRIP = NO;
				DEBUG_INFORMATION_FORMAT = dwarf;
				ENABLE_STRICT_OBJC_MSGSEND = YES;
				ENABLE_TESTABILITY = YES;
				GCC_C_LANGUAGE_STANDARD = gnu11;
				GCC_DYNAMIC_NO_PIC = NO;
				GCC_NO_COMMON_BLOCKS = YES;
				GCC_OPTIMIZATION_LEVEL = 0;
				GCC_PREPROCESSOR_DEFINITIONS = (
					"DEBUG=1",
					"$(inherited)",
				);
				GCC_WARN_64_TO_32_BIT_CONVERSION = YES;
				GCC_WARN_ABOUT_RETURN_TYPE = YES_ERROR;
				GCC_WARN_UNDECLARED_SELECTOR = YES;
				GCC_WARN_UNINITIALIZED_AUTOS = YES_AGGRESSIVE;
				GCC_WARN_UNUSED_FUNCTION = YES;
				GCC_WARN_UNUSED_VARIABLE = YES;
				IPHONEOS_DEPLOYMENT_TARGET = 13.2;
				MTL_ENABLE_DEBUG_INFO = INCLUDE_SOURCE;
				MTL_FAST_MATH = YES;
				ONLY_ACTIVE_ARCH = YES;
				SDKROOT = iphoneos;
				SWIFT_ACTIVE_COMPILATION_CONDITIONS = DEBUG;
				SWIFT_OPTIMIZATION_LEVEL = "-Onone";
			};
			name = Debug;
		};
		CEC0AE12243F2927007EBC5B /* Release */ = {
			isa = XCBuildConfiguration;
			buildSettings = {
				ALWAYS_SEARCH_USER_PATHS = NO;
				CLANG_ANALYZER_NONNULL = YES;
				CLANG_ANALYZER_NUMBER_OBJECT_CONVERSION = YES_AGGRESSIVE;
				CLANG_CXX_LANGUAGE_STANDARD = "gnu++14";
				CLANG_CXX_LIBRARY = "libc++";
				CLANG_ENABLE_MODULES = YES;
				CLANG_ENABLE_OBJC_ARC = YES;
				CLANG_ENABLE_OBJC_WEAK = YES;
				CLANG_WARN_BLOCK_CAPTURE_AUTORELEASING = YES;
				CLANG_WARN_BOOL_CONVERSION = YES;
				CLANG_WARN_COMMA = YES;
				CLANG_WARN_CONSTANT_CONVERSION = YES;
				CLANG_WARN_DEPRECATED_OBJC_IMPLEMENTATIONS = YES;
				CLANG_WARN_DIRECT_OBJC_ISA_USAGE = YES_ERROR;
				CLANG_WARN_DOCUMENTATION_COMMENTS = YES;
				CLANG_WARN_EMPTY_BODY = YES;
				CLANG_WARN_ENUM_CONVERSION = YES;
				CLANG_WARN_INFINITE_RECURSION = YES;
				CLANG_WARN_INT_CONVERSION = YES;
				CLANG_WARN_NON_LITERAL_NULL_CONVERSION = YES;
				CLANG_WARN_OBJC_IMPLICIT_RETAIN_SELF = YES;
				CLANG_WARN_OBJC_LITERAL_CONVERSION = YES;
				CLANG_WARN_OBJC_ROOT_CLASS = YES_ERROR;
				CLANG_WARN_RANGE_LOOP_ANALYSIS = YES;
				CLANG_WARN_STRICT_PROTOTYPES = YES;
				CLANG_WARN_SUSPICIOUS_MOVE = YES;
				CLANG_WARN_UNGUARDED_AVAILABILITY = YES_AGGRESSIVE;
				CLANG_WARN_UNREACHABLE_CODE = YES;
				CLANG_WARN__DUPLICATE_METHOD_MATCH = YES;
				COPY_PHASE_STRIP = NO;
				DEBUG_INFORMATION_FORMAT = "dwarf-with-dsym";
				ENABLE_NS_ASSERTIONS = NO;
				ENABLE_STRICT_OBJC_MSGSEND = YES;
				GCC_C_LANGUAGE_STANDARD = gnu11;
				GCC_NO_COMMON_BLOCKS = YES;
				GCC_WARN_64_TO_32_BIT_CONVERSION = YES;
				GCC_WARN_ABOUT_RETURN_TYPE = YES_ERROR;
				GCC_WARN_UNDECLARED_SELECTOR = YES;
				GCC_WARN_UNINITIALIZED_AUTOS = YES_AGGRESSIVE;
				GCC_WARN_UNUSED_FUNCTION = YES;
				GCC_WARN_UNUSED_VARIABLE = YES;
				IPHONEOS_DEPLOYMENT_TARGET = 13.2;
				MTL_ENABLE_DEBUG_INFO = NO;
				MTL_FAST_MATH = YES;
				SDKROOT = iphoneos;
				SWIFT_COMPILATION_MODE = wholemodule;
				SWIFT_OPTIMIZATION_LEVEL = "-O";
				VALIDATE_PRODUCT = YES;
			};
			name = Release;
		};
		CEC0AE14243F2927007EBC5B /* Debug */ = {
			isa = XCBuildConfiguration;
			baseConfigurationReference = 5C79F5DBE4009A727C5DF4E5 /* Pods-Smart_weather.debug.xcconfig */;
			buildSettings = {
				ASSETCATALOG_COMPILER_APPICON_NAME = AppIcon;
				CODE_SIGN_STYLE = Automatic;
				INFOPLIST_FILE = Smart_weather/Info.plist;
				LD_RUNPATH_SEARCH_PATHS = (
					"$(inherited)",
					"@executable_path/Frameworks",
				);
				PRODUCT_BUNDLE_IDENTIFIER = "melkozavr.Smart-weather";
				PRODUCT_NAME = "$(TARGET_NAME)";
				SWIFT_VERSION = 5.0;
				TARGETED_DEVICE_FAMILY = "1,2";
			};
			name = Debug;
		};
		CEC0AE15243F2927007EBC5B /* Release */ = {
			isa = XCBuildConfiguration;
			baseConfigurationReference = 275922B95BDB9A1FABE6B35E /* Pods-Smart_weather.release.xcconfig */;
			buildSettings = {
				ASSETCATALOG_COMPILER_APPICON_NAME = AppIcon;
				CODE_SIGN_STYLE = Automatic;
				INFOPLIST_FILE = Smart_weather/Info.plist;
				LD_RUNPATH_SEARCH_PATHS = (
					"$(inherited)",
					"@executable_path/Frameworks",
				);
				PRODUCT_BUNDLE_IDENTIFIER = "melkozavr.Smart-weather";
				PRODUCT_NAME = "$(TARGET_NAME)";
				SWIFT_VERSION = 5.0;
				TARGETED_DEVICE_FAMILY = "1,2";
			};
			name = Release;
		};
/* End XCBuildConfiguration section */

/* Begin XCConfigurationList section */
		CEC0ADFA243F2922007EBC5B /* Build configuration list for PBXProject "Smart_weather" */ = {
			isa = XCConfigurationList;
			buildConfigurations = (
				CEC0AE11243F2927007EBC5B /* Debug */,
				CEC0AE12243F2927007EBC5B /* Release */,
			);
			defaultConfigurationIsVisible = 0;
			defaultConfigurationName = Release;
		};
		CEC0AE13243F2927007EBC5B /* Build configuration list for PBXNativeTarget "Smart_weather" */ = {
			isa = XCConfigurationList;
			buildConfigurations = (
				CEC0AE14243F2927007EBC5B /* Debug */,
				CEC0AE15243F2927007EBC5B /* Release */,
			);
			defaultConfigurationIsVisible = 0;
			defaultConfigurationName = Release;
		};
/* End XCConfigurationList section */
	};
	rootObject = CEC0ADF7243F2922007EBC5B /* Project object */;
}
